// !$*UTF8*$!
{
	archiveVersion = 1;
	classes = {
	};
	objectVersion = 50;
	objects = {

/* Begin PBXBuildFile section */
		027FD2423B0894B0269D6F3A /* Pods_Crash_Box.framework in Frameworks */ = {isa = PBXBuildFile; fileRef = B2BEE283395FFC0C7CA44A13 /* Pods_Crash_Box.framework */; };
		40173FF8224BDE9F00273E4B /* AppDelegate.swift in Sources */ = {isa = PBXBuildFile; fileRef = 40173FF7224BDE9F00273E4B /* AppDelegate.swift */; };
		40173FFA224BDE9F00273E4B /* ViewController.swift in Sources */ = {isa = PBXBuildFile; fileRef = 40173FF9224BDE9F00273E4B /* ViewController.swift */; };
		40173FFD224BDE9F00273E4B /* Main.storyboard in Resources */ = {isa = PBXBuildFile; fileRef = 40173FFB224BDE9F00273E4B /* Main.storyboard */; };
		40173FFF224BDEA100273E4B /* Assets.xcassets in Resources */ = {isa = PBXBuildFile; fileRef = 40173FFE224BDEA100273E4B /* Assets.xcassets */; };
		40174002224BDEA100273E4B /* LaunchScreen.storyboard in Resources */ = {isa = PBXBuildFile; fileRef = 40174000224BDEA100273E4B /* LaunchScreen.storyboard */; };
		4017400D224BE8B100273E4B /* AcceleratorViewController.swift in Sources */ = {isa = PBXBuildFile; fileRef = 4017400C224BE8B100273E4B /* AcceleratorViewController.swift */; };
		40174013224C146800273E4B /* SpeedManager.swift in Sources */ = {isa = PBXBuildFile; fileRef = 40174012224C146800273E4B /* SpeedManager.swift */; };
		401CE0AF2352379A0097E001 /* LoginViewController.swift in Sources */ = {isa = PBXBuildFile; fileRef = 401CE0AE2352379A0097E001 /* LoginViewController.swift */; };
		401CE0B1235241920097E001 /* SignUpViewController.swift in Sources */ = {isa = PBXBuildFile; fileRef = 401CE0B0235241920097E001 /* SignUpViewController.swift */; };
		401CE0B323524F980097E001 /* UserModel.swift in Sources */ = {isa = PBXBuildFile; fileRef = 401CE0B223524F980097E001 /* UserModel.swift */; };
		401CE0B5235251AF0097E001 /* Helper+Variables.swift in Sources */ = {isa = PBXBuildFile; fileRef = 401CE0B4235251AF0097E001 /* Helper+Variables.swift */; };
		401CE0B723525E1A0097E001 /* DataService.swift in Sources */ = {isa = PBXBuildFile; fileRef = 401CE0B623525E1A0097E001 /* DataService.swift */; };
		401CE0B92352C1290097E001 /* SpeedoMeter.swift in Sources */ = {isa = PBXBuildFile; fileRef = 401CE0B82352C1290097E001 /* SpeedoMeter.swift */; };
		401CE0BB2352D8E10097E001 /* AreaNotifier.swift in Sources */ = {isa = PBXBuildFile; fileRef = 401CE0BA2352D8E10097E001 /* AreaNotifier.swift */; };
		409173AC224C344100044CB0 /* LottieViewController.swift in Sources */ = {isa = PBXBuildFile; fileRef = 409173AB224C344100044CB0 /* LottieViewController.swift */; };
		409E5798224C48360064121C /* crash box.json in Resources */ = {isa = PBXBuildFile; fileRef = 409E5797224C48360064121C /* crash box.json */; };
		409E579A224C64FB0064121C /* Helper+Functions.swift in Sources */ = {isa = PBXBuildFile; fileRef = 409E5799224C64FB0064121C /* Helper+Functions.swift */; };
		409E579D224C65610064121C /* Colors.swift in Sources */ = {isa = PBXBuildFile; fileRef = 409E579C224C65610064121C /* Colors.swift */; };
		409E579F224C6AED0064121C /* CustomTabbarHeader.swift in Sources */ = {isa = PBXBuildFile; fileRef = 409E579E224C6AED0064121C /* CustomTabbarHeader.swift */; };
		409E57A1224C6CC90064121C /* MapViewController.swift in Sources */ = {isa = PBXBuildFile; fileRef = 409E57A0224C6CC90064121C /* MapViewController.swift */; };
		409E57AF224C7A100064121C /* CircularStd-BoldItalic.otf in Resources */ = {isa = PBXBuildFile; fileRef = 409E57A7224C7A0F0064121C /* CircularStd-BoldItalic.otf */; };
		409E57B0224C7A100064121C /* CircularStd-Black.otf in Resources */ = {isa = PBXBuildFile; fileRef = 409E57A8224C7A0F0064121C /* CircularStd-Black.otf */; };
		409E57B1224C7A100064121C /* CircularStd-BookItalic.otf in Resources */ = {isa = PBXBuildFile; fileRef = 409E57A9224C7A0F0064121C /* CircularStd-BookItalic.otf */; };
		409E57B2224C7A100064121C /* CircularStd-Book.otf in Resources */ = {isa = PBXBuildFile; fileRef = 409E57AA224C7A0F0064121C /* CircularStd-Book.otf */; };
		409E57B3224C7A100064121C /* CircularStd-Bold.otf in Resources */ = {isa = PBXBuildFile; fileRef = 409E57AB224C7A0F0064121C /* CircularStd-Bold.otf */; };
		409E57B4224C7A100064121C /* CircularStd-Medium.otf in Resources */ = {isa = PBXBuildFile; fileRef = 409E57AC224C7A0F0064121C /* CircularStd-Medium.otf */; };
		409E57B5224C7A100064121C /* CircularStd-BlackItalic.otf in Resources */ = {isa = PBXBuildFile; fileRef = 409E57AD224C7A0F0064121C /* CircularStd-BlackItalic.otf */; };
		409E57B6224C7A100064121C /* CircularStd-MediumItalic.otf in Resources */ = {isa = PBXBuildFile; fileRef = 409E57AE224C7A100064121C /* CircularStd-MediumItalic.otf */; };
		409E57B8224CB1430064121C /* Marker.swift in Sources */ = {isa = PBXBuildFile; fileRef = 409E57B7224CB1430064121C /* Marker.swift */; };
		409E57BB224CB33A0064121C /* GooglePlace.swift in Sources */ = {isa = PBXBuildFile; fileRef = 409E57BA224CB33A0064121C /* GooglePlace.swift */; };
		409E57BD224CB3600064121C /* GoogleDataProvider.swift in Sources */ = {isa = PBXBuildFile; fileRef = 409E57BC224CB3600064121C /* GoogleDataProvider.swift */; };
		409E57BF224CDC9E0064121C /* GoogleService-Info.plist in Resources */ = {isa = PBXBuildFile; fileRef = 409E57BE224CDC9E0064121C /* GoogleService-Info.plist */; };
		409E57C1224CDCF40064121C /* FormViewController.swift in Sources */ = {isa = PBXBuildFile; fileRef = 409E57C0224CDCF40064121C /* FormViewController.swift */; };
		409E57C4224CDE530064121C /* Textfield.swift in Sources */ = {isa = PBXBuildFile; fileRef = 409E57C3224CDE530064121C /* Textfield.swift */; };
		409E57CB224D34720064121C /* road moving.json in Resources */ = {isa = PBXBuildFile; fileRef = 409E57C9224D34710064121C /* road moving.json */; };
		409E57CC224D34720064121C /* road still.json in Resources */ = {isa = PBXBuildFile; fileRef = 409E57CA224D34720064121C /* road still.json */; };
		409E57CE224D3F950064121C /* MapDetailViewController.swift in Sources */ = {isa = PBXBuildFile; fileRef = 409E57CD224D3F950064121C /* MapDetailViewController.swift */; };
		409E57D0224D57B40064121C /* beacon.json in Resources */ = {isa = PBXBuildFile; fileRef = 409E57CF224D57B40064121C /* beacon.json */; };
		409E57D2224D5A940064121C /* SettingsViewController.swift in Sources */ = {isa = PBXBuildFile; fileRef = 409E57D1224D5A940064121C /* SettingsViewController.swift */; };
/* End PBXBuildFile section */

/* Begin PBXFileReference section */
		40173FF4224BDE9F00273E4B /* Crash Box.app */ = {isa = PBXFileReference; explicitFileType = wrapper.application; includeInIndex = 0; path = "Crash Box.app"; sourceTree = BUILT_PRODUCTS_DIR; };
		40173FF7224BDE9F00273E4B /* AppDelegate.swift */ = {isa = PBXFileReference; lastKnownFileType = sourcecode.swift; path = AppDelegate.swift; sourceTree = "<group>"; };
		40173FF9224BDE9F00273E4B /* ViewController.swift */ = {isa = PBXFileReference; lastKnownFileType = sourcecode.swift; path = ViewController.swift; sourceTree = "<group>"; };
		40173FFC224BDE9F00273E4B /* Base */ = {isa = PBXFileReference; lastKnownFileType = file.storyboard; name = Base; path = Base.lproj/Main.storyboard; sourceTree = "<group>"; };
		40173FFE224BDEA100273E4B /* Assets.xcassets */ = {isa = PBXFileReference; lastKnownFileType = folder.assetcatalog; path = Assets.xcassets; sourceTree = "<group>"; };
		40174001224BDEA100273E4B /* Base */ = {isa = PBXFileReference; lastKnownFileType = file.storyboard; name = Base; path = Base.lproj/LaunchScreen.storyboard; sourceTree = "<group>"; };
		40174003224BDEA100273E4B /* Info.plist */ = {isa = PBXFileReference; lastKnownFileType = text.plist.xml; path = Info.plist; sourceTree = "<group>"; };
		4017400C224BE8B100273E4B /* AcceleratorViewController.swift */ = {isa = PBXFileReference; lastKnownFileType = sourcecode.swift; path = AcceleratorViewController.swift; sourceTree = "<group>"; };
		40174012224C146800273E4B /* SpeedManager.swift */ = {isa = PBXFileReference; lastKnownFileType = sourcecode.swift; path = SpeedManager.swift; sourceTree = "<group>"; };
		401CE0AE2352379A0097E001 /* LoginViewController.swift */ = {isa = PBXFileReference; lastKnownFileType = sourcecode.swift; path = LoginViewController.swift; sourceTree = "<group>"; };
		401CE0B0235241920097E001 /* SignUpViewController.swift */ = {isa = PBXFileReference; lastKnownFileType = sourcecode.swift; path = SignUpViewController.swift; sourceTree = "<group>"; };
		401CE0B223524F980097E001 /* UserModel.swift */ = {isa = PBXFileReference; lastKnownFileType = sourcecode.swift; path = UserModel.swift; sourceTree = "<group>"; };
		401CE0B4235251AF0097E001 /* Helper+Variables.swift */ = {isa = PBXFileReference; lastKnownFileType = sourcecode.swift; path = "Helper+Variables.swift"; sourceTree = "<group>"; };
		401CE0B623525E1A0097E001 /* DataService.swift */ = {isa = PBXFileReference; lastKnownFileType = sourcecode.swift; path = DataService.swift; sourceTree = "<group>"; };
		401CE0B82352C1290097E001 /* SpeedoMeter.swift */ = {isa = PBXFileReference; lastKnownFileType = sourcecode.swift; path = SpeedoMeter.swift; sourceTree = "<group>"; };
		401CE0BA2352D8E10097E001 /* AreaNotifier.swift */ = {isa = PBXFileReference; lastKnownFileType = sourcecode.swift; path = AreaNotifier.swift; sourceTree = "<group>"; };
		409173AB224C344100044CB0 /* LottieViewController.swift */ = {isa = PBXFileReference; lastKnownFileType = sourcecode.swift; path = LottieViewController.swift; sourceTree = "<group>"; };
		409E5797224C48360064121C /* crash box.json */ = {isa = PBXFileReference; fileEncoding = 4; lastKnownFileType = text.json; path = "crash box.json"; sourceTree = "<group>"; };
		409E5799224C64FB0064121C /* Helper+Functions.swift */ = {isa = PBXFileReference; lastKnownFileType = sourcecode.swift; path = "Helper+Functions.swift"; sourceTree = "<group>"; };
		409E579C224C65610064121C /* Colors.swift */ = {isa = PBXFileReference; lastKnownFileType = sourcecode.swift; path = Colors.swift; sourceTree = "<group>"; };
		409E579E224C6AED0064121C /* CustomTabbarHeader.swift */ = {isa = PBXFileReference; lastKnownFileType = sourcecode.swift; path = CustomTabbarHeader.swift; sourceTree = "<group>"; };
		409E57A0224C6CC90064121C /* MapViewController.swift */ = {isa = PBXFileReference; lastKnownFileType = sourcecode.swift; path = MapViewController.swift; sourceTree = "<group>"; };
		409E57A7224C7A0F0064121C /* CircularStd-BoldItalic.otf */ = {isa = PBXFileReference; lastKnownFileType = file; path = "CircularStd-BoldItalic.otf"; sourceTree = "<group>"; };
		409E57A8224C7A0F0064121C /* CircularStd-Black.otf */ = {isa = PBXFileReference; lastKnownFileType = file; path = "CircularStd-Black.otf"; sourceTree = "<group>"; };
		409E57A9224C7A0F0064121C /* CircularStd-BookItalic.otf */ = {isa = PBXFileReference; lastKnownFileType = file; path = "CircularStd-BookItalic.otf"; sourceTree = "<group>"; };
		409E57AA224C7A0F0064121C /* CircularStd-Book.otf */ = {isa = PBXFileReference; lastKnownFileType = file; path = "CircularStd-Book.otf"; sourceTree = "<group>"; };
		409E57AB224C7A0F0064121C /* CircularStd-Bold.otf */ = {isa = PBXFileReference; lastKnownFileType = file; path = "CircularStd-Bold.otf"; sourceTree = "<group>"; };
		409E57AC224C7A0F0064121C /* CircularStd-Medium.otf */ = {isa = PBXFileReference; lastKnownFileType = file; path = "CircularStd-Medium.otf"; sourceTree = "<group>"; };
		409E57AD224C7A0F0064121C /* CircularStd-BlackItalic.otf */ = {isa = PBXFileReference; lastKnownFileType = file; path = "CircularStd-BlackItalic.otf"; sourceTree = "<group>"; };
		409E57AE224C7A100064121C /* CircularStd-MediumItalic.otf */ = {isa = PBXFileReference; lastKnownFileType = file; path = "CircularStd-MediumItalic.otf"; sourceTree = "<group>"; };
		409E57B7224CB1430064121C /* Marker.swift */ = {isa = PBXFileReference; lastKnownFileType = sourcecode.swift; path = Marker.swift; sourceTree = "<group>"; };
		409E57BA224CB33A0064121C /* GooglePlace.swift */ = {isa = PBXFileReference; lastKnownFileType = sourcecode.swift; path = GooglePlace.swift; sourceTree = "<group>"; };
		409E57BC224CB3600064121C /* GoogleDataProvider.swift */ = {isa = PBXFileReference; lastKnownFileType = sourcecode.swift; path = GoogleDataProvider.swift; sourceTree = "<group>"; };
		409E57BE224CDC9E0064121C /* GoogleService-Info.plist */ = {isa = PBXFileReference; fileEncoding = 4; lastKnownFileType = text.plist.xml; path = "GoogleService-Info.plist"; sourceTree = "<group>"; };
		409E57C0224CDCF40064121C /* FormViewController.swift */ = {isa = PBXFileReference; lastKnownFileType = sourcecode.swift; path = FormViewController.swift; sourceTree = "<group>"; };
		409E57C3224CDE530064121C /* Textfield.swift */ = {isa = PBXFileReference; lastKnownFileType = sourcecode.swift; path = Textfield.swift; sourceTree = "<group>"; };
		409E57C9224D34710064121C /* road moving.json */ = {isa = PBXFileReference; fileEncoding = 4; lastKnownFileType = text.json; path = "road moving.json"; sourceTree = "<group>"; };
		409E57CA224D34720064121C /* road still.json */ = {isa = PBXFileReference; fileEncoding = 4; lastKnownFileType = text.json; path = "road still.json"; sourceTree = "<group>"; };
		409E57CD224D3F950064121C /* MapDetailViewController.swift */ = {isa = PBXFileReference; lastKnownFileType = sourcecode.swift; path = MapDetailViewController.swift; sourceTree = "<group>"; };
		409E57CF224D57B40064121C /* beacon.json */ = {isa = PBXFileReference; fileEncoding = 4; lastKnownFileType = text.json; path = beacon.json; sourceTree = "<group>"; };
		409E57D1224D5A940064121C /* SettingsViewController.swift */ = {isa = PBXFileReference; lastKnownFileType = sourcecode.swift; path = SettingsViewController.swift; sourceTree = "<group>"; };
		B2BEE283395FFC0C7CA44A13 /* Pods_Crash_Box.framework */ = {isa = PBXFileReference; explicitFileType = wrapper.framework; includeInIndex = 0; path = Pods_Crash_Box.framework; sourceTree = BUILT_PRODUCTS_DIR; };
		CB53D51190E5D5EC9A154EBB /* Pods-Crash Box.release.xcconfig */ = {isa = PBXFileReference; includeInIndex = 1; lastKnownFileType = text.xcconfig; name = "Pods-Crash Box.release.xcconfig"; path = "Target Support Files/Pods-Crash Box/Pods-Crash Box.release.xcconfig"; sourceTree = "<group>"; };
		CC6371D12311F619CBE9BDB9 /* Pods-Crash Box.debug.xcconfig */ = {isa = PBXFileReference; includeInIndex = 1; lastKnownFileType = text.xcconfig; name = "Pods-Crash Box.debug.xcconfig"; path = "Target Support Files/Pods-Crash Box/Pods-Crash Box.debug.xcconfig"; sourceTree = "<group>"; };
/* End PBXFileReference section */

/* Begin PBXFrameworksBuildPhase section */
		40173FF1224BDE9F00273E4B /* Frameworks */ = {
			isa = PBXFrameworksBuildPhase;
			buildActionMask = 2147483647;
			files = (
				027FD2423B0894B0269D6F3A /* Pods_Crash_Box.framework in Frameworks */,
			);
			runOnlyForDeploymentPostprocessing = 0;
		};
/* End PBXFrameworksBuildPhase section */

/* Begin PBXGroup section */
		05D8AAE068EA4CF3A4598D26 /* Frameworks */ = {
			isa = PBXGroup;
			children = (
				B2BEE283395FFC0C7CA44A13 /* Pods_Crash_Box.framework */,
			);
			name = Frameworks;
			sourceTree = "<group>";
		};
		40173FEB224BDE9F00273E4B = {
			isa = PBXGroup;
			children = (
				40173FF6224BDE9F00273E4B /* Crash Box */,
				40173FF5224BDE9F00273E4B /* Products */,
				6E7E200F01710C3D64549114 /* Pods */,
				05D8AAE068EA4CF3A4598D26 /* Frameworks */,
			);
			sourceTree = "<group>";
		};
		40173FF5224BDE9F00273E4B /* Products */ = {
			isa = PBXGroup;
			children = (
				40173FF4224BDE9F00273E4B /* Crash Box.app */,
			);
			name = Products;
			sourceTree = "<group>";
		};
		40173FF6224BDE9F00273E4B /* Crash Box */ = {
			isa = PBXGroup;
			children = (
				409E57B9224CB3180064121C /* Model */,
				409E57A6224C79FB0064121C /* Fonts */,
				409E5796224C36700064121C /* JSON Files */,
				40174014224C148100273E4B /* Classes */,
				4017400B224BDEE400273E4B /* Services */,
				40174009224BDED100273E4B /* Controller */,
				409E579B224C65000064121C /* Helpers */,
				4017400A224BDEDD00273E4B /* View */,
				40173FFE224BDEA100273E4B /* Assets.xcassets */,
				409E57BE224CDC9E0064121C /* GoogleService-Info.plist */,
				40174003224BDEA100273E4B /* Info.plist */,
			);
			path = "Crash Box";
			sourceTree = "<group>";
		};
		40174009224BDED100273E4B /* Controller */ = {
			isa = PBXGroup;
			children = (
				409E57C2224CDCFC0064121C /* Reg module */,
				409E57A4224C6CE90064121C /* Main module */,
				409E57A5224C6E570064121C /* Animation module */,
			);
			path = Controller;
			sourceTree = "<group>";
		};
		4017400A224BDEDD00273E4B /* View */ = {
			isa = PBXGroup;
			children = (
				40173FFB224BDE9F00273E4B /* Main.storyboard */,
				40174000224BDEA100273E4B /* LaunchScreen.storyboard */,
			);
			path = View;
			sourceTree = "<group>";
		};
		4017400B224BDEE400273E4B /* Services */ = {
			isa = PBXGroup;
			children = (
				40173FF7224BDE9F00273E4B /* AppDelegate.swift */,
			);
			path = Services;
			sourceTree = "<group>";
		};
		40174014224C148100273E4B /* Classes */ = {
			isa = PBXGroup;
			children = (
				40174012224C146800273E4B /* SpeedManager.swift */,
				409E579E224C6AED0064121C /* CustomTabbarHeader.swift */,
				409E57B7224CB1430064121C /* Marker.swift */,
				409E57C3224CDE530064121C /* Textfield.swift */,
				401CE0B82352C1290097E001 /* SpeedoMeter.swift */,
				401CE0BA2352D8E10097E001 /* AreaNotifier.swift */,
			);
			path = Classes;
			sourceTree = "<group>";
		};
		409E5796224C36700064121C /* JSON Files */ = {
			isa = PBXGroup;
			children = (
				409E57CF224D57B40064121C /* beacon.json */,
				409E57C9224D34710064121C /* road moving.json */,
				409E57CA224D34720064121C /* road still.json */,
				409E5797224C48360064121C /* crash box.json */,
			);
			path = "JSON Files";
			sourceTree = "<group>";
		};
		409E579B224C65000064121C /* Helpers */ = {
			isa = PBXGroup;
			children = (
				409E5799224C64FB0064121C /* Helper+Functions.swift */,
				409E579C224C65610064121C /* Colors.swift */,
				401CE0B4235251AF0097E001 /* Helper+Variables.swift */,
			);
			path = Helpers;
			sourceTree = "<group>";
		};
		409E57A4224C6CE90064121C /* Main module */ = {
			isa = PBXGroup;
			children = (
				4017400C224BE8B100273E4B /* AcceleratorViewController.swift */,
				409E57A0224C6CC90064121C /* MapViewController.swift */,
				409E57CD224D3F950064121C /* MapDetailViewController.swift */,
				409E57D1224D5A940064121C /* SettingsViewController.swift */,
			);
			path = "Main module";
			sourceTree = "<group>";
		};
		409E57A5224C6E570064121C /* Animation module */ = {
			isa = PBXGroup;
			children = (
				409173AB224C344100044CB0 /* LottieViewController.swift */,
			);
			path = "Animation module";
			sourceTree = "<group>";
		};
		409E57A6224C79FB0064121C /* Fonts */ = {
			isa = PBXGroup;
			children = (
				409E57A8224C7A0F0064121C /* CircularStd-Black.otf */,
				409E57AD224C7A0F0064121C /* CircularStd-BlackItalic.otf */,
				409E57AB224C7A0F0064121C /* CircularStd-Bold.otf */,
				409E57A7224C7A0F0064121C /* CircularStd-BoldItalic.otf */,
				409E57AA224C7A0F0064121C /* CircularStd-Book.otf */,
				409E57A9224C7A0F0064121C /* CircularStd-BookItalic.otf */,
				409E57AC224C7A0F0064121C /* CircularStd-Medium.otf */,
				409E57AE224C7A100064121C /* CircularStd-MediumItalic.otf */,
			);
			path = Fonts;
			sourceTree = "<group>";
		};
		409E57B9224CB3180064121C /* Model */ = {
			isa = PBXGroup;
			children = (
				409E57BA224CB33A0064121C /* GooglePlace.swift */,
				409E57BC224CB3600064121C /* GoogleDataProvider.swift */,
				401CE0B223524F980097E001 /* UserModel.swift */,
				401CE0B623525E1A0097E001 /* DataService.swift */,
			);
			path = Model;
			sourceTree = "<group>";
		};
		409E57C2224CDCFC0064121C /* Reg module */ = {
			isa = PBXGroup;
			children = (
				40173FF9224BDE9F00273E4B /* ViewController.swift */,
				409E57C0224CDCF40064121C /* FormViewController.swift */,
				401CE0AE2352379A0097E001 /* LoginViewController.swift */,
				401CE0B0235241920097E001 /* SignUpViewController.swift */,
			);
			path = "Reg module";
			sourceTree = "<group>";
		};
		6E7E200F01710C3D64549114 /* Pods */ = {
			isa = PBXGroup;
			children = (
				CC6371D12311F619CBE9BDB9 /* Pods-Crash Box.debug.xcconfig */,
				CB53D51190E5D5EC9A154EBB /* Pods-Crash Box.release.xcconfig */,
			);
			path = Pods;
			sourceTree = "<group>";
		};
/* End PBXGroup section */

/* Begin PBXNativeTarget section */
		40173FF3224BDE9F00273E4B /* Crash Box */ = {
			isa = PBXNativeTarget;
			buildConfigurationList = 40174006224BDEA100273E4B /* Build configuration list for PBXNativeTarget "Crash Box" */;
			buildPhases = (
				98CF3C6C5EA2334EC375551B /* [CP] Check Pods Manifest.lock */,
				40173FF0224BDE9F00273E4B /* Sources */,
				40173FF1224BDE9F00273E4B /* Frameworks */,
				40173FF2224BDE9F00273E4B /* Resources */,
				266C17F13D21CB759770193A /* [CP] Embed Pods Frameworks */,
				C6260AD3C18109DF71763A25 /* [CP] Copy Pods Resources */,
			);
			buildRules = (
			);
			dependencies = (
			);
			name = "Crash Box";
			productName = "Crash Box";
			productReference = 40173FF4224BDE9F00273E4B /* Crash Box.app */;
			productType = "com.apple.product-type.application";
		};
/* End PBXNativeTarget section */

/* Begin PBXProject section */
		40173FEC224BDE9F00273E4B /* Project object */ = {
			isa = PBXProject;
			attributes = {
				LastSwiftUpdateCheck = 1010;
				LastUpgradeCheck = 1010;
				ORGANIZATIONNAME = "Sarvad shetty";
				TargetAttributes = {
					40173FF3224BDE9F00273E4B = {
						CreatedOnToolsVersion = 10.1;
					};
				};
			};
			buildConfigurationList = 40173FEF224BDE9F00273E4B /* Build configuration list for PBXProject "Crash Box" */;
			compatibilityVersion = "Xcode 9.3";
			developmentRegion = en;
			hasScannedForEncodings = 0;
			knownRegions = (
				en,
				Base,
			);
			mainGroup = 40173FEB224BDE9F00273E4B;
			productRefGroup = 40173FF5224BDE9F00273E4B /* Products */;
			projectDirPath = "";
			projectRoot = "";
			targets = (
				40173FF3224BDE9F00273E4B /* Crash Box */,
			);
		};
/* End PBXProject section */

/* Begin PBXResourcesBuildPhase section */
		40173FF2224BDE9F00273E4B /* Resources */ = {
			isa = PBXResourcesBuildPhase;
			buildActionMask = 2147483647;
			files = (
				409E57BF224CDC9E0064121C /* GoogleService-Info.plist in Resources */,
				409E57B0224C7A100064121C /* CircularStd-Black.otf in Resources */,
				409E57CB224D34720064121C /* road moving.json in Resources */,
				409E57B3224C7A100064121C /* CircularStd-Bold.otf in Resources */,
				409E57B1224C7A100064121C /* CircularStd-BookItalic.otf in Resources */,
				409E57AF224C7A100064121C /* CircularStd-BoldItalic.otf in Resources */,
				409E57B2224C7A100064121C /* CircularStd-Book.otf in Resources */,
				409E57B4224C7A100064121C /* CircularStd-Medium.otf in Resources */,
				409E57CC224D34720064121C /* road still.json in Resources */,
				409E5798224C48360064121C /* crash box.json in Resources */,
				409E57B6224C7A100064121C /* CircularStd-MediumItalic.otf in Resources */,
				409E57D0224D57B40064121C /* beacon.json in Resources */,
				40174002224BDEA100273E4B /* LaunchScreen.storyboard in Resources */,
				409E57B5224C7A100064121C /* CircularStd-BlackItalic.otf in Resources */,
				40173FFF224BDEA100273E4B /* Assets.xcassets in Resources */,
				40173FFD224BDE9F00273E4B /* Main.storyboard in Resources */,
			);
			runOnlyForDeploymentPostprocessing = 0;
		};
/* End PBXResourcesBuildPhase section */

/* Begin PBXShellScriptBuildPhase section */
		266C17F13D21CB759770193A /* [CP] Embed Pods Frameworks */ = {
			isa = PBXShellScriptBuildPhase;
			buildActionMask = 2147483647;
			files = (
			);
			inputFileListPaths = (
			);
			inputPaths = (
				"${PODS_ROOT}/Target Support Files/Pods-Crash Box/Pods-Crash Box-frameworks.sh",
				"${BUILT_PRODUCTS_DIR}/GTMSessionFetcher/GTMSessionFetcher.framework",
				"${BUILT_PRODUCTS_DIR}/GoogleUtilities/GoogleUtilities.framework",
				"${BUILT_PRODUCTS_DIR}/JGProgressHUD/JGProgressHUD.framework",
				"${BUILT_PRODUCTS_DIR}/SwiftyJSON/SwiftyJSON.framework",
				"${BUILT_PRODUCTS_DIR}/leveldb-library/leveldb.framework",
				"${BUILT_PRODUCTS_DIR}/lottie-ios/Lottie.framework",
				"${BUILT_PRODUCTS_DIR}/nanopb/nanopb.framework",
			);
			name = "[CP] Embed Pods Frameworks";
			outputFileListPaths = (
			);
			outputPaths = (
				"${TARGET_BUILD_DIR}/${FRAMEWORKS_FOLDER_PATH}/GTMSessionFetcher.framework",
				"${TARGET_BUILD_DIR}/${FRAMEWORKS_FOLDER_PATH}/GoogleUtilities.framework",
				"${TARGET_BUILD_DIR}/${FRAMEWORKS_FOLDER_PATH}/JGProgressHUD.framework",
				"${TARGET_BUILD_DIR}/${FRAMEWORKS_FOLDER_PATH}/SwiftyJSON.framework",
				"${TARGET_BUILD_DIR}/${FRAMEWORKS_FOLDER_PATH}/leveldb.framework",
				"${TARGET_BUILD_DIR}/${FRAMEWORKS_FOLDER_PATH}/Lottie.framework",
				"${TARGET_BUILD_DIR}/${FRAMEWORKS_FOLDER_PATH}/nanopb.framework",
			);
			runOnlyForDeploymentPostprocessing = 0;
			shellPath = /bin/sh;
			shellScript = "\"${PODS_ROOT}/Target Support Files/Pods-Crash Box/Pods-Crash Box-frameworks.sh\"\n";
			showEnvVarsInLog = 0;
		};
		98CF3C6C5EA2334EC375551B /* [CP] Check Pods Manifest.lock */ = {
			isa = PBXShellScriptBuildPhase;
			buildActionMask = 2147483647;
			files = (
			);
			inputFileListPaths = (
			);
			inputPaths = (
				"${PODS_PODFILE_DIR_PATH}/Podfile.lock",
				"${PODS_ROOT}/Manifest.lock",
			);
			name = "[CP] Check Pods Manifest.lock";
			outputFileListPaths = (
			);
			outputPaths = (
				"$(DERIVED_FILE_DIR)/Pods-Crash Box-checkManifestLockResult.txt",
			);
			runOnlyForDeploymentPostprocessing = 0;
			shellPath = /bin/sh;
			shellScript = "diff \"${PODS_PODFILE_DIR_PATH}/Podfile.lock\" \"${PODS_ROOT}/Manifest.lock\" > /dev/null\nif [ $? != 0 ] ; then\n    # print error to STDERR\n    echo \"error: The sandbox is not in sync with the Podfile.lock. Run 'pod install' or update your CocoaPods installation.\" >&2\n    exit 1\nfi\n# This output is used by Xcode 'outputs' to avoid re-running this script phase.\necho \"SUCCESS\" > \"${SCRIPT_OUTPUT_FILE_0}\"\n";
			showEnvVarsInLog = 0;
		};
		C6260AD3C18109DF71763A25 /* [CP] Copy Pods Resources */ = {
			isa = PBXShellScriptBuildPhase;
			buildActionMask = 2147483647;
			files = (
			);
			inputFileListPaths = (
			);
			inputPaths = (
				"${PODS_ROOT}/Target Support Files/Pods-Crash Box/Pods-Crash Box-resources.sh",
				"${PODS_ROOT}/GoogleMaps/Maps/Frameworks/GoogleMaps.framework/Resources/GoogleMaps.bundle",
			);
			name = "[CP] Copy Pods Resources";
			outputFileListPaths = (
			);
			outputPaths = (
				"${TARGET_BUILD_DIR}/${UNLOCALIZED_RESOURCES_FOLDER_PATH}/GoogleMaps.bundle",
			);
			runOnlyForDeploymentPostprocessing = 0;
			shellPath = /bin/sh;
			shellScript = "\"${PODS_ROOT}/Target Support Files/Pods-Crash Box/Pods-Crash Box-resources.sh\"\n";
			showEnvVarsInLog = 0;
		};
/* End PBXShellScriptBuildPhase section */

/* Begin PBXSourcesBuildPhase section */
		40173FF0224BDE9F00273E4B /* Sources */ = {
			isa = PBXSourcesBuildPhase;
			buildActionMask = 2147483647;
			files = (
				409173AC224C344100044CB0 /* LottieViewController.swift in Sources */,
				401CE0BB2352D8E10097E001 /* AreaNotifier.swift in Sources */,
				401CE0B5235251AF0097E001 /* Helper+Variables.swift in Sources */,
				40173FFA224BDE9F00273E4B /* ViewController.swift in Sources */,
				409E57C1224CDCF40064121C /* FormViewController.swift in Sources */,
				409E57BB224CB33A0064121C /* GooglePlace.swift in Sources */,
				401CE0B92352C1290097E001 /* SpeedoMeter.swift in Sources */,
				409E57BD224CB3600064121C /* GoogleDataProvider.swift in Sources */,
				4017400D224BE8B100273E4B /* AcceleratorViewController.swift in Sources */,
				401CE0B1235241920097E001 /* SignUpViewController.swift in Sources */,
				409E579F224C6AED0064121C /* CustomTabbarHeader.swift in Sources */,
				409E57D2224D5A940064121C /* SettingsViewController.swift in Sources */,
				409E57CE224D3F950064121C /* MapDetailViewController.swift in Sources */,
				409E57A1224C6CC90064121C /* MapViewController.swift in Sources */,
				409E579D224C65610064121C /* Colors.swift in Sources */,
				409E57B8224CB1430064121C /* Marker.swift in Sources */,
				40174013224C146800273E4B /* SpeedManager.swift in Sources */,
				401CE0B723525E1A0097E001 /* DataService.swift in Sources */,
				401CE0AF2352379A0097E001 /* LoginViewController.swift in Sources */,
				401CE0B323524F980097E001 /* UserModel.swift in Sources */,
				40173FF8224BDE9F00273E4B /* AppDelegate.swift in Sources */,
				409E57C4224CDE530064121C /* Textfield.swift in Sources */,
				409E579A224C64FB0064121C /* Helper+Functions.swift in Sources */,
			);
			runOnlyForDeploymentPostprocessing = 0;
		};
/* End PBXSourcesBuildPhase section */

/* Begin PBXVariantGroup section */
		40173FFB224BDE9F00273E4B /* Main.storyboard */ = {
			isa = PBXVariantGroup;
			children = (
				40173FFC224BDE9F00273E4B /* Base */,
			);
			name = Main.storyboard;
			sourceTree = "<group>";
		};
		40174000224BDEA100273E4B /* LaunchScreen.storyboard */ = {
			isa = PBXVariantGroup;
			children = (
				40174001224BDEA100273E4B /* Base */,
			);
			name = LaunchScreen.storyboard;
			sourceTree = "<group>";
		};
/* End PBXVariantGroup section */

/* Begin XCBuildConfiguration section */
		40174004224BDEA100273E4B /* Debug */ = {
			isa = XCBuildConfiguration;
			buildSettings = {
				ALWAYS_SEARCH_USER_PATHS = NO;
				CLANG_ANALYZER_NONNULL = YES;
				CLANG_ANALYZER_NUMBER_OBJECT_CONVERSION = YES_AGGRESSIVE;
				CLANG_CXX_LANGUAGE_STANDARD = "gnu++14";
				CLANG_CXX_LIBRARY = "libc++";
				CLANG_ENABLE_MODULES = YES;
				CLANG_ENABLE_OBJC_ARC = YES;
				CLANG_ENABLE_OBJC_WEAK = YES;
				CLANG_WARN_BLOCK_CAPTURE_AUTORELEASING = YES;
				CLANG_WARN_BOOL_CONVERSION = YES;
				CLANG_WARN_COMMA = YES;
				CLANG_WARN_CONSTANT_CONVERSION = YES;
				CLANG_WARN_DEPRECATED_OBJC_IMPLEMENTATIONS = YES;
				CLANG_WARN_DIRECT_OBJC_ISA_USAGE = YES_ERROR;
				CLANG_WARN_DOCUMENTATION_COMMENTS = YES;
				CLANG_WARN_EMPTY_BODY = YES;
				CLANG_WARN_ENUM_CONVERSION = YES;
				CLANG_WARN_INFINITE_RECURSION = YES;
				CLANG_WARN_INT_CONVERSION = YES;
				CLANG_WARN_NON_LITERAL_NULL_CONVERSION = YES;
				CLANG_WARN_OBJC_IMPLICIT_RETAIN_SELF = YES;
				CLANG_WARN_OBJC_LITERAL_CONVERSION = YES;
				CLANG_WARN_OBJC_ROOT_CLASS = YES_ERROR;
				CLANG_WARN_RANGE_LOOP_ANALYSIS = YES;
				CLANG_WARN_STRICT_PROTOTYPES = YES;
				CLANG_WARN_SUSPICIOUS_MOVE = YES;
				CLANG_WARN_UNGUARDED_AVAILABILITY = YES_AGGRESSIVE;
				CLANG_WARN_UNREACHABLE_CODE = YES;
				CLANG_WARN__DUPLICATE_METHOD_MATCH = YES;
				CODE_SIGN_IDENTITY = "iPhone Developer";
				COPY_PHASE_STRIP = NO;
				DEBUG_INFORMATION_FORMAT = dwarf;
				ENABLE_STRICT_OBJC_MSGSEND = YES;
				ENABLE_TESTABILITY = YES;
				GCC_C_LANGUAGE_STANDARD = gnu11;
				GCC_DYNAMIC_NO_PIC = NO;
				GCC_NO_COMMON_BLOCKS = YES;
				GCC_OPTIMIZATION_LEVEL = 0;
				GCC_PREPROCESSOR_DEFINITIONS = (
					"DEBUG=1",
					"$(inherited)",
				);
				GCC_WARN_64_TO_32_BIT_CONVERSION = YES;
				GCC_WARN_ABOUT_RETURN_TYPE = YES_ERROR;
				GCC_WARN_UNDECLARED_SELECTOR = YES;
				GCC_WARN_UNINITIALIZED_AUTOS = YES_AGGRESSIVE;
				GCC_WARN_UNUSED_FUNCTION = YES;
				GCC_WARN_UNUSED_VARIABLE = YES;
				IPHONEOS_DEPLOYMENT_TARGET = 12.1;
				MTL_ENABLE_DEBUG_INFO = INCLUDE_SOURCE;
				MTL_FAST_MATH = YES;
				ONLY_ACTIVE_ARCH = YES;
				SDKROOT = iphoneos;
				SWIFT_ACTIVE_COMPILATION_CONDITIONS = DEBUG;
				SWIFT_OPTIMIZATION_LEVEL = "-Onone";
			};
			name = Debug;
		};
		40174005224BDEA100273E4B /* Release */ = {
			isa = XCBuildConfiguration;
			buildSettings = {
				ALWAYS_SEARCH_USER_PATHS = NO;
				CLANG_ANALYZER_NONNULL = YES;
				CLANG_ANALYZER_NUMBER_OBJECT_CONVERSION = YES_AGGRESSIVE;
				CLANG_CXX_LANGUAGE_STANDARD = "gnu++14";
				CLANG_CXX_LIBRARY = "libc++";
				CLANG_ENABLE_MODULES = YES;
				CLANG_ENABLE_OBJC_ARC = YES;
				CLANG_ENABLE_OBJC_WEAK = YES;
				CLANG_WARN_BLOCK_CAPTURE_AUTORELEASING = YES;
				CLANG_WARN_BOOL_CONVERSION = YES;
				CLANG_WARN_COMMA = YES;
				CLANG_WARN_CONSTANT_CONVERSION = YES;
				CLANG_WARN_DEPRECATED_OBJC_IMPLEMENTATIONS = YES;
				CLANG_WARN_DIRECT_OBJC_ISA_USAGE = YES_ERROR;
				CLANG_WARN_DOCUMENTATION_COMMENTS = YES;
				CLANG_WARN_EMPTY_BODY = YES;
				CLANG_WARN_ENUM_CONVERSION = YES;
				CLANG_WARN_INFINITE_RECURSION = YES;
				CLANG_WARN_INT_CONVERSION = YES;
				CLANG_WARN_NON_LITERAL_NULL_CONVERSION = YES;
				CLANG_WARN_OBJC_IMPLICIT_RETAIN_SELF = YES;
				CLANG_WARN_OBJC_LITERAL_CONVERSION = YES;
				CLANG_WARN_OBJC_ROOT_CLASS = YES_ERROR;
				CLANG_WARN_RANGE_LOOP_ANALYSIS = YES;
				CLANG_WARN_STRICT_PROTOTYPES = YES;
				CLANG_WARN_SUSPICIOUS_MOVE = YES;
				CLANG_WARN_UNGUARDED_AVAILABILITY = YES_AGGRESSIVE;
				CLANG_WARN_UNREACHABLE_CODE = YES;
				CLANG_WARN__DUPLICATE_METHOD_MATCH = YES;
				CODE_SIGN_IDENTITY = "iPhone Developer";
				COPY_PHASE_STRIP = NO;
				DEBUG_INFORMATION_FORMAT = "dwarf-with-dsym";
				ENABLE_NS_ASSERTIONS = NO;
				ENABLE_STRICT_OBJC_MSGSEND = YES;
				GCC_C_LANGUAGE_STANDARD = gnu11;
				GCC_NO_COMMON_BLOCKS = YES;
				GCC_WARN_64_TO_32_BIT_CONVERSION = YES;
				GCC_WARN_ABOUT_RETURN_TYPE = YES_ERROR;
				GCC_WARN_UNDECLARED_SELECTOR = YES;
				GCC_WARN_UNINITIALIZED_AUTOS = YES_AGGRESSIVE;
				GCC_WARN_UNUSED_FUNCTION = YES;
				GCC_WARN_UNUSED_VARIABLE = YES;
				IPHONEOS_DEPLOYMENT_TARGET = 12.1;
				MTL_ENABLE_DEBUG_INFO = NO;
				MTL_FAST_MATH = YES;
				SDKROOT = iphoneos;
				SWIFT_COMPILATION_MODE = wholemodule;
				SWIFT_OPTIMIZATION_LEVEL = "-O";
				VALIDATE_PRODUCT = YES;
			};
			name = Release;
		};
		40174007224BDEA100273E4B /* Debug */ = {
			isa = XCBuildConfiguration;
			baseConfigurationReference = CC6371D12311F619CBE9BDB9 /* Pods-Crash Box.debug.xcconfig */;
			buildSettings = {
				ASSETCATALOG_COMPILER_APPICON_NAME = AppIcon;
				CODE_SIGN_STYLE = Automatic;
				DEVELOPMENT_TEAM = N4FDL334LZ;
				INFOPLIST_FILE = "Crash Box/Info.plist";
				IPHONEOS_DEPLOYMENT_TARGET = 11.1;
				LD_RUNPATH_SEARCH_PATHS = (
					"$(inherited)",
					"@executable_path/Frameworks",
				);
				PRODUCT_BUNDLE_IDENTIFIER = "Sarvad-Shetty.Crash-Box";
				PRODUCT_NAME = "$(TARGET_NAME)";
				SWIFT_VERSION = 4.2;
				TARGETED_DEVICE_FAMILY = 1;
			};
			name = Debug;
		};
		40174008224BDEA100273E4B /* Release */ = {
			isa = XCBuildConfiguration;
			baseConfigurationReference = CB53D51190E5D5EC9A154EBB /* Pods-Crash Box.release.xcconfig */;
			buildSettings = {
				ASSETCATALOG_COMPILER_APPICON_NAME = AppIcon;
				CODE_SIGN_STYLE = Automatic;
				DEVELOPMENT_TEAM = N4FDL334LZ;
				INFOPLIST_FILE = "Crash Box/Info.plist";
				IPHONEOS_DEPLOYMENT_TARGET = 11.1;
				LD_RUNPATH_SEARCH_PATHS = (
					"$(inherited)",
					"@executable_path/Frameworks",
				);
				PRODUCT_BUNDLE_IDENTIFIER = "Sarvad-Shetty.Crash-Box";
				PRODUCT_NAME = "$(TARGET_NAME)";
				SWIFT_VERSION = 4.2;
				TARGETED_DEVICE_FAMILY = 1;
			};
			name = Release;
		};
/* End XCBuildConfiguration section */

/* Begin XCConfigurationList section */
		40173FEF224BDE9F00273E4B /* Build configuration list for PBXProject "Crash Box" */ = {
			isa = XCConfigurationList;
			buildConfigurations = (
				40174004224BDEA100273E4B /* Debug */,
				40174005224BDEA100273E4B /* Release */,
			);
			defaultConfigurationIsVisible = 0;
			defaultConfigurationName = Release;
		};
		40174006224BDEA100273E4B /* Build configuration list for PBXNativeTarget "Crash Box" */ = {
			isa = XCConfigurationList;
			buildConfigurations = (
				40174007224BDEA100273E4B /* Debug */,
				40174008224BDEA100273E4B /* Release */,
			);
			defaultConfigurationIsVisible = 0;
			defaultConfigurationName = Release;
		};
/* End XCConfigurationList section */
	};
	rootObject = 40173FEC224BDE9F00273E4B /* Project object */;
}
